
Microsoft Visual Studio Solution File, Format Version 12.00
# Visual Studio Version 17
VisualStudioVersion = 17.10.35122.118
MinimumVisualStudioVersion = 10.0.40219.1
Project("{9A19103F-16F7-4668-BE54-9A1E7A4F7556}") = "Calabonga.Commandex.Welcome", "Calabonga.Commandex.Welcome\Calabonga.Commandex.Welcome.csproj", "{B039D52C-E93C-44C0-8F12-C89281947033}"
EndProject
Global
	GlobalSection(SolutionConfigurationPlatforms) = preSolution
		Debug|Any CPU = Debug|Any CPU
		Release|Any CPU = Release|Any CPU
	EndGlobalSection
	GlobalSection(ProjectConfigurationPlatforms) = postSolution
		{B039D52C-E93C-44C0-8F12-C89281947033}.Debug|Any CPU.ActiveCfg = Debug|Any CPU
		{B039D52C-E93C-44C0-8F12-C89281947033}.Debug|Any CPU.Build.0 = Debug|Any CPU
		{B039D52C-E93C-44C0-8F12-C89281947033}.Release|Any CPU.ActiveCfg = Release|Any CPU
		{B039D52C-E93C-44C0-8F12-C89281947033}.Release|Any CPU.Build.0 = Release|Any CPU
	EndGlobalSection
	GlobalSection(SolutionProperties) = preSolution
		HideSolutionNode = FALSE
	EndGlobalSection
	GlobalSection(ExtensibilityGlobals) = postSolution
		SolutionGuid = {0EA17ACE-54F0-4134-BC76-C60EC9CC7C35}
	EndGlobalSection
EndGlobal
