
Microsoft Visual Studio Solution File, Format Version 12.00
# Visual Studio Version 17
VisualStudioVersion = 17.10.35027.167
MinimumVisualStudioVersion = 10.0.40219.1
Project("{9A19103F-16F7-4668-BE54-9A1E7A4F7556}") = "Calabonga.Commandex.Shell", "Calabonga.Commandex.Shell\Calabonga.Commandex.Shell.csproj", "{0F32D75D-930C-4BC4-AD6F-5AAF89DC7E18}"
EndProject
Project("{9A19103F-16F7-4668-BE54-9A1E7A4F7556}") = "Calabonga.Commandex.Engine", "..\..\Calabonga.Commandex.Engine\src\Calabonga.Commandex.Engine\Calabonga.Commandex.Engine.csproj", "{91D77094-0451-4712-BE6E-097E1C8113BA}"
EndProject
Project("{FAE04EC0-301F-11D3-BF4B-00C04F79EFBC}") = "Calabonga.Commandex.RelatedResultsCommand", "..\..\Calabonga.Commandex.Commands\src\Calabonga.Commandex.RelatedResultsCommand\Calabonga.Commandex.RelatedResultsCommand.csproj", "{1C025154-2006-4F37-B13B-D188F38ACCA7}"
EndProject
Global
	GlobalSection(SolutionConfigurationPlatforms) = preSolution
		Debug|Any CPU = Debug|Any CPU
		Release|Any CPU = Release|Any CPU
	EndGlobalSection
	GlobalSection(ProjectConfigurationPlatforms) = postSolution
		{0F32D75D-930C-4BC4-AD6F-5AAF89DC7E18}.Debug|Any CPU.ActiveCfg = Debug|Any CPU
		{0F32D75D-930C-4BC4-AD6F-5AAF89DC7E18}.Debug|Any CPU.Build.0 = Debug|Any CPU
		{0F32D75D-930C-4BC4-AD6F-5AAF89DC7E18}.Release|Any CPU.ActiveCfg = Release|Any CPU
		{0F32D75D-930C-4BC4-AD6F-5AAF89DC7E18}.Release|Any CPU.Build.0 = Release|Any CPU
		{91D77094-0451-4712-BE6E-097E1C8113BA}.Debug|Any CPU.ActiveCfg = Debug|Any CPU
		{91D77094-0451-4712-BE6E-097E1C8113BA}.Debug|Any CPU.Build.0 = Debug|Any CPU
		{91D77094-0451-4712-BE6E-097E1C8113BA}.Release|Any CPU.ActiveCfg = Release|Any CPU
		{91D77094-0451-4712-BE6E-097E1C8113BA}.Release|Any CPU.Build.0 = Release|Any CPU
		{1C025154-2006-4F37-B13B-D188F38ACCA7}.Debug|Any CPU.ActiveCfg = Debug|Any CPU
		{1C025154-2006-4F37-B13B-D188F38ACCA7}.Debug|Any CPU.Build.0 = Debug|Any CPU
		{1C025154-2006-4F37-B13B-D188F38ACCA7}.Release|Any CPU.ActiveCfg = Release|Any CPU
		{1C025154-2006-4F37-B13B-D188F38ACCA7}.Release|Any CPU.Build.0 = Release|Any CPU
	EndGlobalSection
	GlobalSection(SolutionProperties) = preSolution
		HideSolutionNode = FALSE
	EndGlobalSection
	GlobalSection(ExtensibilityGlobals) = postSolution
		SolutionGuid = {66AF8131-B86C-4BA1-A58F-21CE72203A4E}
	EndGlobalSection
EndGlobal
